PODS:
  - AFNetworking (4.0.1):
    - AFNetworking/NSURLSession (= 4.0.1)
    - AFNetworking/Reachability (= 4.0.1)
    - AFNetworking/Security (= 4.0.1)
    - AFNetworking/Serialization (= 4.0.1)
    - AFNetworking/UIKit (= 4.0.1)
  - AFNetworking/NSURLSession (4.0.1):
    - AFNetworking/Reachability
    - AFNetworking/Security
    - AFNetworking/Serialization
  - AFNetworking/Reachability (4.0.1)
  - AFNetworking/Security (4.0.1)
  - AFNetworking/Serialization (4.0.1)
  - AFNetworking/UIKit (4.0.1):
    - AFNetworking/NSURLSession
  - DTPagerController (3.1.2)
  - FBAEMKit (17.4.0):
    - FBSDKCoreKit_Basics (= 17.4.0)
  - FBSDKCoreKit (17.4.0):
    - FBAEMKit (= 17.4.0)
    - FBSDKCoreKit_Basics (= 17.4.0)
  - FBSDKCoreKit_Basics (17.4.0)
  - IQKeyboardManager (6.5.19)
  - JXBanner (0.3.6):
    - JXBanner/Banner (= 0.3.6)
    - JXBanner/PageControl (= 0.3.6)
  - JXBanner/Banner (0.3.6):
    - JXBanner/Banner/API (= 0.3.6)
    - JXBanner/Banner/Banner (= 0.3.6)
    - JXBanner/Banner/Cell (= 0.3.6)
    - JXBanner/Banner/Common (= 0.3.6)
    - JXBanner/Banner/Transform (= 0.3.6)
  - JXBanner/Banner/API (0.3.6):
    - JXBanner/Banner/Cell
    - JXBanner/PageControl
  - JXBanner/Banner/Banner (0.3.6):
    - JXBanner/Banner/API
    - JXBanner/Banner/Common
    - JXBanner/Banner/Transform
  - JXBanner/Banner/Cell (0.3.6)
  - JXBanner/Banner/Common (0.3.6)
  - JXBanner/Banner/Transform (0.3.6):
    - JXBanner/Banner/API
  - JXBanner/PageControl (0.3.6):
    - JXPageControl
  - JXPageControl (0.1.5):
    - JXPageControl/Common (= 0.1.5)
    - JXPageControl/Jump (= 0.1.5)
    - JXPageControl/Transform (= 0.1.5)
  - JXPageControl/Common (0.1.5)
  - JXPageControl/Jump (0.1.5):
    - JXPageControl/Common
  - JXPageControl/Transform (0.1.5):
    - JXPageControl/Common
  - KRActivityIndicatorView (3.0.8)
  - KRProgressHUD (3.4.8):
    - KRActivityIndicatorView (= 3.0.8)
  - SDCAlertView (12.0.4)
  - SnapKit (5.7.1)
  - SwiftyStoreKit (0.16.1)

DEPENDENCIES:
  - AFNetworking
  - DTPagerController
  - FBSDKCoreKit
  - IQKeyboardManager
  - JXBanner
  - KRProgressHUD
  - SDCAlertView
  - SnapKit
  - SwiftyStoreKit

SPEC REPOS:
  trunk:
    - AFNetworking
    - DTPagerController
    - FBAEMKit
    - FBSDKCoreKit
    - FBSDKCoreKit_Basics
    - IQKeyboardManager
    - JXBanner
    - JXPageControl
    - KRActivityIndicatorView
    - KRProgressHUD
    - SDCAlertView
    - SnapKit
    - SwiftyStoreKit

SPEC CHECKSUMS:
  AFNetworking: 3bd23d814e976cd148d7d44c3ab78017b744cd58
  DTPagerController: 91769c8711ad390bb48a984f3f1989712110e3f5
  FBAEMKit: 58cb5f302cdd715a56d4c1d0dfdd2e423ac1421a
  FBSDKCoreKit: 94d7461d0cecf441b1ba7c41acfff41daa8ccd41
  FBSDKCoreKit_Basics: 151b43db8b834d3f0e02f95d36a44ffd36265e45
  IQKeyboardManager: c8665b3396bd0b79402b4c573eac345a31c7d485
  JXBanner: 348dbef856e786494cbf30fb45d6b84826f2d3c5
  JXPageControl: e9487b39e2e58fc17790833214f3b8e935bef98b
  KRActivityIndicatorView: c5c503bf56e54834382dd926b64ff47287ca0006
  KRProgressHUD: d0fb4e72428d312eb6966e84c543ea58fb1efbc7
  SDCAlertView: 051ba84cc526eddd546c8b716d41ac08d1577ac1
  SnapKit: d612e99e678a2d3b95bf60b0705ed0a35c03484a
  SwiftyStoreKit: 6b9c08810269f030586dac1fae8e75871a82e84a

PODFILE CHECKSUM: 6199593cee832e2540bdf73b713d4a443c2f194d

COCOAPODS: 1.16.2
